
Microsoft Visual Studio Solution File, Format Version 12.00
# Visual Studio Version 17
VisualStudioVersion = 17.8.34511.84
MinimumVisualStudioVersion = 10.0.40219.1
Project("{D954291E-2A0B-460D-934E-DC6B0785DB48}") = "Localization.Samples.SharedLayer", "Localization.Samples.VocabolaryServiceProvider\Localization.Samples.SharedLayer.shproj", "{E0D66FD1-B3EA-41F2-AF2F-0582B1049EEF}"
EndProject
Project("{9A19103F-16F7-4668-BE54-9A1E7A4F7556}") = "Localization.Samples.AppWpf", "Localization.Samples.AppWpf\Localization.Samples.AppWpf.csproj", "{AF93E074-F586-49C4-B4ED-ECC9CA81D507}"
EndProject
Project("{9A19103F-16F7-4668-BE54-9A1E7A4F7556}") = "Localization.Samples.AppMvc", "Localization.Samples.AppMvc\Localization.Samples.AppMvc.csproj", "{C768B165-2002-414C-AE16-A88B9D4C5DE8}"
EndProject
Project("{FAE04EC0-301F-11D3-BF4B-00C04F79EFBC}") = "Localization.Samples.AppXamarin.UWP", "Localization.Samples.AppXamarin\Localization.Samples.AppXamarin.UWP\Localization.Samples.AppXamarin.UWP.csproj", "{5C3E20F2-029D-4183-A7FE-F018C03303F4}"
EndProject
Project("{FAE04EC0-301F-11D3-BF4B-00C04F79EFBC}") = "Localization.Samples.AppXamarin.Android", "Localization.Samples.AppXamarin\Localization.Samples.AppXamarin.Android\Localization.Samples.AppXamarin.Android.csproj", "{CC5B8AA9-30BB-463D-92F7-EE9DD72F6736}"
EndProject
Project("{FAE04EC0-301F-11D3-BF4B-00C04F79EFBC}") = "Localization.Samples.AppXamarin.iOS", "Localization.Samples.AppXamarin\Localization.Samples.AppXamarin.iOS\Localization.Samples.AppXamarin.iOS.csproj", "{90609386-CFA4-4B3F-8009-F86E9B3C9BBC}"
EndProject
Project("{9A19103F-16F7-4668-BE54-9A1E7A4F7556}") = "Localization.Samples.AppXamarin", "Localization.Samples.AppXamarin\Localization.Samples.AppXamarin\Localization.Samples.AppXamarin.csproj", "{87334221-8093-43F4-A665-F6E96516546A}"
EndProject
Project("{2150E333-8FDC-42A3-9474-1A3956D46DE8}") = "Xamarin", "Xamarin", "{579F7E5B-16D7-4942-9A45-52709BDF3B32}"
EndProject
Project("{2150E333-8FDC-42A3-9474-1A3956D46DE8}") = "Mvc", "Mvc", "{D5FF7535-90F1-4C55-8C4D-EC79E8CA876F}"
EndProject
Project("{2150E333-8FDC-42A3-9474-1A3956D46DE8}") = "Wpf", "Wpf", "{98634098-3B69-45A6-B80E-A5FF18F701EC}"
EndProject
Project("{2150E333-8FDC-42A3-9474-1A3956D46DE8}") = "Blazor", "Blazor", "{CC9BC995-8F8B-4803-9E77-674749A5D847}"
EndProject
Project("{9A19103F-16F7-4668-BE54-9A1E7A4F7556}") = "Localization.Samples.AppBlazor", "Localization.Samples.AppBlazor\Localization.Samples.AppBlazor.csproj", "{98AA01BF-508F-4E35-B821-6CB3BE5D6B95}"
EndProject
Project("{2150E333-8FDC-42A3-9474-1A3956D46DE8}") = "Maui", "Maui", "{5AFE980C-8783-4A06-8FDF-608B2EA99EAD}"
EndProject
Project("{FAE04EC0-301F-11D3-BF4B-00C04F79EFBC}") = "Localization.Samples.AppMaui", "Localization.Samples.AppMaui\Localization.Samples.AppMaui.csproj", "{5F9E1D23-8819-4197-9C9B-5CF1888434EC}"
EndProject
Global
	GlobalSection(SolutionConfigurationPlatforms) = preSolution
		Debug|Any CPU = Debug|Any CPU
		Debug|ARM = Debug|ARM
		Debug|iPhone = Debug|iPhone
		Debug|iPhoneSimulator = Debug|iPhoneSimulator
		Debug|x64 = Debug|x64
		Debug|x86 = Debug|x86
		Release|Any CPU = Release|Any CPU
		Release|ARM = Release|ARM
		Release|iPhone = Release|iPhone
		Release|iPhoneSimulator = Release|iPhoneSimulator
		Release|x64 = Release|x64
		Release|x86 = Release|x86
	EndGlobalSection
	GlobalSection(ProjectConfigurationPlatforms) = postSolution
		{AF93E074-F586-49C4-B4ED-ECC9CA81D507}.Debug|Any CPU.ActiveCfg = Debug|Any CPU
		{AF93E074-F586-49C4-B4ED-ECC9CA81D507}.Debug|Any CPU.Build.0 = Debug|Any CPU
		{AF93E074-F586-49C4-B4ED-ECC9CA81D507}.Debug|ARM.ActiveCfg = Debug|Any CPU
		{AF93E074-F586-49C4-B4ED-ECC9CA81D507}.Debug|ARM.Build.0 = Debug|Any CPU
		{AF93E074-F586-49C4-B4ED-ECC9CA81D507}.Debug|iPhone.ActiveCfg = Debug|Any CPU
		{AF93E074-F586-49C4-B4ED-ECC9CA81D507}.Debug|iPhone.Build.0 = Debug|Any CPU
		{AF93E074-F586-49C4-B4ED-ECC9CA81D507}.Debug|iPhoneSimulator.ActiveCfg = Debug|Any CPU
		{AF93E074-F586-49C4-B4ED-ECC9CA81D507}.Debug|iPhoneSimulator.Build.0 = Debug|Any CPU
		{AF93E074-F586-49C4-B4ED-ECC9CA81D507}.Debug|x64.ActiveCfg = Debug|Any CPU
		{AF93E074-F586-49C4-B4ED-ECC9CA81D507}.Debug|x64.Build.0 = Debug|Any CPU
		{AF93E074-F586-49C4-B4ED-ECC9CA81D507}.Debug|x86.ActiveCfg = Debug|Any CPU
		{AF93E074-F586-49C4-B4ED-ECC9CA81D507}.Debug|x86.Build.0 = Debug|Any CPU
		{AF93E074-F586-49C4-B4ED-ECC9CA81D507}.Release|Any CPU.ActiveCfg = Release|Any CPU
		{AF93E074-F586-49C4-B4ED-ECC9CA81D507}.Release|Any CPU.Build.0 = Release|Any CPU
		{AF93E074-F586-49C4-B4ED-ECC9CA81D507}.Release|ARM.ActiveCfg = Release|Any CPU
		{AF93E074-F586-49C4-B4ED-ECC9CA81D507}.Release|ARM.Build.0 = Release|Any CPU
		{AF93E074-F586-49C4-B4ED-ECC9CA81D507}.Release|iPhone.ActiveCfg = Release|Any CPU
		{AF93E074-F586-49C4-B4ED-ECC9CA81D507}.Release|iPhone.Build.0 = Release|Any CPU
		{AF93E074-F586-49C4-B4ED-ECC9CA81D507}.Release|iPhoneSimulator.ActiveCfg = Release|Any CPU
		{AF93E074-F586-49C4-B4ED-ECC9CA81D507}.Release|iPhoneSimulator.Build.0 = Release|Any CPU
		{AF93E074-F586-49C4-B4ED-ECC9CA81D507}.Release|x64.ActiveCfg = Release|Any CPU
		{AF93E074-F586-49C4-B4ED-ECC9CA81D507}.Release|x64.Build.0 = Release|Any CPU
		{AF93E074-F586-49C4-B4ED-ECC9CA81D507}.Release|x86.ActiveCfg = Release|Any CPU
		{AF93E074-F586-49C4-B4ED-ECC9CA81D507}.Release|x86.Build.0 = Release|Any CPU
		{C768B165-2002-414C-AE16-A88B9D4C5DE8}.Debug|Any CPU.ActiveCfg = Debug|Any CPU
		{C768B165-2002-414C-AE16-A88B9D4C5DE8}.Debug|Any CPU.Build.0 = Debug|Any CPU
		{C768B165-2002-414C-AE16-A88B9D4C5DE8}.Debug|ARM.ActiveCfg = Debug|Any CPU
		{C768B165-2002-414C-AE16-A88B9D4C5DE8}.Debug|ARM.Build.0 = Debug|Any CPU
		{C768B165-2002-414C-AE16-A88B9D4C5DE8}.Debug|iPhone.ActiveCfg = Debug|Any CPU
		{C768B165-2002-414C-AE16-A88B9D4C5DE8}.Debug|iPhone.Build.0 = Debug|Any CPU
		{C768B165-2002-414C-AE16-A88B9D4C5DE8}.Debug|iPhoneSimulator.ActiveCfg = Debug|Any CPU
		{C768B165-2002-414C-AE16-A88B9D4C5DE8}.Debug|iPhoneSimulator.Build.0 = Debug|Any CPU
		{C768B165-2002-414C-AE16-A88B9D4C5DE8}.Debug|x64.ActiveCfg = Debug|Any CPU
		{C768B165-2002-414C-AE16-A88B9D4C5DE8}.Debug|x64.Build.0 = Debug|Any CPU
		{C768B165-2002-414C-AE16-A88B9D4C5DE8}.Debug|x86.ActiveCfg = Debug|Any CPU
		{C768B165-2002-414C-AE16-A88B9D4C5DE8}.Debug|x86.Build.0 = Debug|Any CPU
		{C768B165-2002-414C-AE16-A88B9D4C5DE8}.Release|Any CPU.ActiveCfg = Release|Any CPU
		{C768B165-2002-414C-AE16-A88B9D4C5DE8}.Release|Any CPU.Build.0 = Release|Any CPU
		{C768B165-2002-414C-AE16-A88B9D4C5DE8}.Release|ARM.ActiveCfg = Release|Any CPU
		{C768B165-2002-414C-AE16-A88B9D4C5DE8}.Release|ARM.Build.0 = Release|Any CPU
		{C768B165-2002-414C-AE16-A88B9D4C5DE8}.Release|iPhone.ActiveCfg = Release|Any CPU
		{C768B165-2002-414C-AE16-A88B9D4C5DE8}.Release|iPhone.Build.0 = Release|Any CPU
		{C768B165-2002-414C-AE16-A88B9D4C5DE8}.Release|iPhoneSimulator.ActiveCfg = Release|Any CPU
		{C768B165-2002-414C-AE16-A88B9D4C5DE8}.Release|iPhoneSimulator.Build.0 = Release|Any CPU
		{C768B165-2002-414C-AE16-A88B9D4C5DE8}.Release|x64.ActiveCfg = Release|Any CPU
		{C768B165-2002-414C-AE16-A88B9D4C5DE8}.Release|x64.Build.0 = Release|Any CPU
		{C768B165-2002-414C-AE16-A88B9D4C5DE8}.Release|x86.ActiveCfg = Release|Any CPU
		{C768B165-2002-414C-AE16-A88B9D4C5DE8}.Release|x86.Build.0 = Release|Any CPU
		{5C3E20F2-029D-4183-A7FE-F018C03303F4}.Debug|Any CPU.ActiveCfg = Debug|x86
		{5C3E20F2-029D-4183-A7FE-F018C03303F4}.Debug|ARM.ActiveCfg = Debug|ARM
		{5C3E20F2-029D-4183-A7FE-F018C03303F4}.Debug|ARM.Build.0 = Debug|ARM
		{5C3E20F2-029D-4183-A7FE-F018C03303F4}.Debug|ARM.Deploy.0 = Debug|ARM
		{5C3E20F2-029D-4183-A7FE-F018C03303F4}.Debug|iPhone.ActiveCfg = Debug|x86
		{5C3E20F2-029D-4183-A7FE-F018C03303F4}.Debug|iPhoneSimulator.ActiveCfg = Debug|x86
		{5C3E20F2-029D-4183-A7FE-F018C03303F4}.Debug|x64.ActiveCfg = Debug|x64
		{5C3E20F2-029D-4183-A7FE-F018C03303F4}.Debug|x64.Build.0 = Debug|x64
		{5C3E20F2-029D-4183-A7FE-F018C03303F4}.Debug|x64.Deploy.0 = Debug|x64
		{5C3E20F2-029D-4183-A7FE-F018C03303F4}.Debug|x86.ActiveCfg = Debug|x86
		{5C3E20F2-029D-4183-A7FE-F018C03303F4}.Debug|x86.Build.0 = Debug|x86
		{5C3E20F2-029D-4183-A7FE-F018C03303F4}.Debug|x86.Deploy.0 = Debug|x86
		{5C3E20F2-029D-4183-A7FE-F018C03303F4}.Release|Any CPU.ActiveCfg = Release|x86
		{5C3E20F2-029D-4183-A7FE-F018C03303F4}.Release|ARM.ActiveCfg = Release|ARM
		{5C3E20F2-029D-4183-A7FE-F018C03303F4}.Release|ARM.Build.0 = Release|ARM
		{5C3E20F2-029D-4183-A7FE-F018C03303F4}.Release|ARM.Deploy.0 = Release|ARM
		{5C3E20F2-029D-4183-A7FE-F018C03303F4}.Release|iPhone.ActiveCfg = Release|x86
		{5C3E20F2-029D-4183-A7FE-F018C03303F4}.Release|iPhoneSimulator.ActiveCfg = Release|x86
		{5C3E20F2-029D-4183-A7FE-F018C03303F4}.Release|x64.ActiveCfg = Release|x64
		{5C3E20F2-029D-4183-A7FE-F018C03303F4}.Release|x64.Build.0 = Release|x64
		{5C3E20F2-029D-4183-A7FE-F018C03303F4}.Release|x64.Deploy.0 = Release|x64
		{5C3E20F2-029D-4183-A7FE-F018C03303F4}.Release|x86.ActiveCfg = Release|x86
		{5C3E20F2-029D-4183-A7FE-F018C03303F4}.Release|x86.Build.0 = Release|x86
		{5C3E20F2-029D-4183-A7FE-F018C03303F4}.Release|x86.Deploy.0 = Release|x86
		{CC5B8AA9-30BB-463D-92F7-EE9DD72F6736}.Debug|Any CPU.ActiveCfg = Debug|Any CPU
		{CC5B8AA9-30BB-463D-92F7-EE9DD72F6736}.Debug|Any CPU.Build.0 = Debug|Any CPU
		{CC5B8AA9-30BB-463D-92F7-EE9DD72F6736}.Debug|Any CPU.Deploy.0 = Debug|Any CPU
		{CC5B8AA9-30BB-463D-92F7-EE9DD72F6736}.Debug|ARM.ActiveCfg = Debug|Any CPU
		{CC5B8AA9-30BB-463D-92F7-EE9DD72F6736}.Debug|ARM.Build.0 = Debug|Any CPU
		{CC5B8AA9-30BB-463D-92F7-EE9DD72F6736}.Debug|ARM.Deploy.0 = Debug|Any CPU
		{CC5B8AA9-30BB-463D-92F7-EE9DD72F6736}.Debug|iPhone.ActiveCfg = Debug|Any CPU
		{CC5B8AA9-30BB-463D-92F7-EE9DD72F6736}.Debug|iPhone.Build.0 = Debug|Any CPU
		{CC5B8AA9-30BB-463D-92F7-EE9DD72F6736}.Debug|iPhone.Deploy.0 = Debug|Any CPU
		{CC5B8AA9-30BB-463D-92F7-EE9DD72F6736}.Debug|iPhoneSimulator.ActiveCfg = Debug|Any CPU
		{CC5B8AA9-30BB-463D-92F7-EE9DD72F6736}.Debug|iPhoneSimulator.Build.0 = Debug|Any CPU
		{CC5B8AA9-30BB-463D-92F7-EE9DD72F6736}.Debug|iPhoneSimulator.Deploy.0 = Debug|Any CPU
		{CC5B8AA9-30BB-463D-92F7-EE9DD72F6736}.Debug|x64.ActiveCfg = Debug|Any CPU
		{CC5B8AA9-30BB-463D-92F7-EE9DD72F6736}.Debug|x64.Build.0 = Debug|Any CPU
		{CC5B8AA9-30BB-463D-92F7-EE9DD72F6736}.Debug|x64.Deploy.0 = Debug|Any CPU
		{CC5B8AA9-30BB-463D-92F7-EE9DD72F6736}.Debug|x86.ActiveCfg = Debug|Any CPU
		{CC5B8AA9-30BB-463D-92F7-EE9DD72F6736}.Debug|x86.Build.0 = Debug|Any CPU
		{CC5B8AA9-30BB-463D-92F7-EE9DD72F6736}.Debug|x86.Deploy.0 = Debug|Any CPU
		{CC5B8AA9-30BB-463D-92F7-EE9DD72F6736}.Release|Any CPU.ActiveCfg = Release|Any CPU
		{CC5B8AA9-30BB-463D-92F7-EE9DD72F6736}.Release|Any CPU.Build.0 = Release|Any CPU
		{CC5B8AA9-30BB-463D-92F7-EE9DD72F6736}.Release|Any CPU.Deploy.0 = Release|Any CPU
		{CC5B8AA9-30BB-463D-92F7-EE9DD72F6736}.Release|ARM.ActiveCfg = Release|Any CPU
		{CC5B8AA9-30BB-463D-92F7-EE9DD72F6736}.Release|ARM.Build.0 = Release|Any CPU
		{CC5B8AA9-30BB-463D-92F7-EE9DD72F6736}.Release|ARM.Deploy.0 = Release|Any CPU
		{CC5B8AA9-30BB-463D-92F7-EE9DD72F6736}.Release|iPhone.ActiveCfg = Release|Any CPU
		{CC5B8AA9-30BB-463D-92F7-EE9DD72F6736}.Release|iPhone.Build.0 = Release|Any CPU
		{CC5B8AA9-30BB-463D-92F7-EE9DD72F6736}.Release|iPhone.Deploy.0 = Release|Any CPU
		{CC5B8AA9-30BB-463D-92F7-EE9DD72F6736}.Release|iPhoneSimulator.ActiveCfg = Release|Any CPU
		{CC5B8AA9-30BB-463D-92F7-EE9DD72F6736}.Release|iPhoneSimulator.Build.0 = Release|Any CPU
		{CC5B8AA9-30BB-463D-92F7-EE9DD72F6736}.Release|iPhoneSimulator.Deploy.0 = Release|Any CPU
		{CC5B8AA9-30BB-463D-92F7-EE9DD72F6736}.Release|x64.ActiveCfg = Release|Any CPU
		{CC5B8AA9-30BB-463D-92F7-EE9DD72F6736}.Release|x64.Build.0 = Release|Any CPU
		{CC5B8AA9-30BB-463D-92F7-EE9DD72F6736}.Release|x64.Deploy.0 = Release|Any CPU
		{CC5B8AA9-30BB-463D-92F7-EE9DD72F6736}.Release|x86.ActiveCfg = Release|Any CPU
		{CC5B8AA9-30BB-463D-92F7-EE9DD72F6736}.Release|x86.Build.0 = Release|Any CPU
		{CC5B8AA9-30BB-463D-92F7-EE9DD72F6736}.Release|x86.Deploy.0 = Release|Any CPU
		{90609386-CFA4-4B3F-8009-F86E9B3C9BBC}.Debug|Any CPU.ActiveCfg = Debug|iPhoneSimulator
		{90609386-CFA4-4B3F-8009-F86E9B3C9BBC}.Debug|ARM.ActiveCfg = Debug|iPhoneSimulator
		{90609386-CFA4-4B3F-8009-F86E9B3C9BBC}.Debug|iPhone.ActiveCfg = Debug|iPhone
		{90609386-CFA4-4B3F-8009-F86E9B3C9BBC}.Debug|iPhone.Build.0 = Debug|iPhone
		{90609386-CFA4-4B3F-8009-F86E9B3C9BBC}.Debug|iPhoneSimulator.ActiveCfg = Debug|iPhoneSimulator
		{90609386-CFA4-4B3F-8009-F86E9B3C9BBC}.Debug|iPhoneSimulator.Build.0 = Debug|iPhoneSimulator
		{90609386-CFA4-4B3F-8009-F86E9B3C9BBC}.Debug|x64.ActiveCfg = Debug|iPhoneSimulator
		{90609386-CFA4-4B3F-8009-F86E9B3C9BBC}.Debug|x86.ActiveCfg = Debug|iPhoneSimulator
		{90609386-CFA4-4B3F-8009-F86E9B3C9BBC}.Release|Any CPU.ActiveCfg = Release|iPhoneSimulator
		{90609386-CFA4-4B3F-8009-F86E9B3C9BBC}.Release|ARM.ActiveCfg = Release|iPhoneSimulator
		{90609386-CFA4-4B3F-8009-F86E9B3C9BBC}.Release|iPhone.ActiveCfg = Release|iPhone
		{90609386-CFA4-4B3F-8009-F86E9B3C9BBC}.Release|iPhone.Build.0 = Release|iPhone
		{90609386-CFA4-4B3F-8009-F86E9B3C9BBC}.Release|iPhoneSimulator.ActiveCfg = Release|iPhoneSimulator
		{90609386-CFA4-4B3F-8009-F86E9B3C9BBC}.Release|iPhoneSimulator.Build.0 = Release|iPhoneSimulator
		{90609386-CFA4-4B3F-8009-F86E9B3C9BBC}.Release|x64.ActiveCfg = Release|iPhoneSimulator
		{90609386-CFA4-4B3F-8009-F86E9B3C9BBC}.Release|x86.ActiveCfg = Release|iPhoneSimulator
		{87334221-8093-43F4-A665-F6E96516546A}.Debug|Any CPU.ActiveCfg = Debug|Any CPU
		{87334221-8093-43F4-A665-F6E96516546A}.Debug|Any CPU.Build.0 = Debug|Any CPU
		{87334221-8093-43F4-A665-F6E96516546A}.Debug|ARM.ActiveCfg = Debug|Any CPU
		{87334221-8093-43F4-A665-F6E96516546A}.Debug|ARM.Build.0 = Debug|Any CPU
		{87334221-8093-43F4-A665-F6E96516546A}.Debug|iPhone.ActiveCfg = Debug|Any CPU
		{87334221-8093-43F4-A665-F6E96516546A}.Debug|iPhone.Build.0 = Debug|Any CPU
		{87334221-8093-43F4-A665-F6E96516546A}.Debug|iPhoneSimulator.ActiveCfg = Debug|Any CPU
		{87334221-8093-43F4-A665-F6E96516546A}.Debug|iPhoneSimulator.Build.0 = Debug|Any CPU
		{87334221-8093-43F4-A665-F6E96516546A}.Debug|x64.ActiveCfg = Debug|Any CPU
		{87334221-8093-43F4-A665-F6E96516546A}.Debug|x64.Build.0 = Debug|Any CPU
		{87334221-8093-43F4-A665-F6E96516546A}.Debug|x86.ActiveCfg = Debug|Any CPU
		{87334221-8093-43F4-A665-F6E96516546A}.Debug|x86.Build.0 = Debug|Any CPU
		{87334221-8093-43F4-A665-F6E96516546A}.Release|Any CPU.ActiveCfg = Release|Any CPU
		{87334221-8093-43F4-A665-F6E96516546A}.Release|Any CPU.Build.0 = Release|Any CPU
		{87334221-8093-43F4-A665-F6E96516546A}.Release|ARM.ActiveCfg = Release|Any CPU
		{87334221-8093-43F4-A665-F6E96516546A}.Release|ARM.Build.0 = Release|Any CPU
		{87334221-8093-43F4-A665-F6E96516546A}.Release|iPhone.ActiveCfg = Release|Any CPU
		{87334221-8093-43F4-A665-F6E96516546A}.Release|iPhone.Build.0 = Release|Any CPU
		{87334221-8093-43F4-A665-F6E96516546A}.Release|iPhoneSimulator.ActiveCfg = Release|Any CPU
		{87334221-8093-43F4-A665-F6E96516546A}.Release|iPhoneSimulator.Build.0 = Release|Any CPU
		{87334221-8093-43F4-A665-F6E96516546A}.Release|x64.ActiveCfg = Release|Any CPU
		{87334221-8093-43F4-A665-F6E96516546A}.Release|x64.Build.0 = Release|Any CPU
		{87334221-8093-43F4-A665-F6E96516546A}.Release|x86.ActiveCfg = Release|Any CPU
		{87334221-8093-43F4-A665-F6E96516546A}.Release|x86.Build.0 = Release|Any CPU
		{98AA01BF-508F-4E35-B821-6CB3BE5D6B95}.Debug|Any CPU.ActiveCfg = Debug|Any CPU
		{98AA01BF-508F-4E35-B821-6CB3BE5D6B95}.Debug|Any CPU.Build.0 = Debug|Any CPU
		{98AA01BF-508F-4E35-B821-6CB3BE5D6B95}.Debug|ARM.ActiveCfg = Debug|Any CPU
		{98AA01BF-508F-4E35-B821-6CB3BE5D6B95}.Debug|ARM.Build.0 = Debug|Any CPU
		{98AA01BF-508F-4E35-B821-6CB3BE5D6B95}.Debug|iPhone.ActiveCfg = Debug|Any CPU
		{98AA01BF-508F-4E35-B821-6CB3BE5D6B95}.Debug|iPhone.Build.0 = Debug|Any CPU
		{98AA01BF-508F-4E35-B821-6CB3BE5D6B95}.Debug|iPhoneSimulator.ActiveCfg = Debug|Any CPU
		{98AA01BF-508F-4E35-B821-6CB3BE5D6B95}.Debug|iPhoneSimulator.Build.0 = Debug|Any CPU
		{98AA01BF-508F-4E35-B821-6CB3BE5D6B95}.Debug|x64.ActiveCfg = Debug|Any CPU
		{98AA01BF-508F-4E35-B821-6CB3BE5D6B95}.Debug|x64.Build.0 = Debug|Any CPU
		{98AA01BF-508F-4E35-B821-6CB3BE5D6B95}.Debug|x86.ActiveCfg = Debug|Any CPU
		{98AA01BF-508F-4E35-B821-6CB3BE5D6B95}.Debug|x86.Build.0 = Debug|Any CPU
		{98AA01BF-508F-4E35-B821-6CB3BE5D6B95}.Release|Any CPU.ActiveCfg = Release|Any CPU
		{98AA01BF-508F-4E35-B821-6CB3BE5D6B95}.Release|Any CPU.Build.0 = Release|Any CPU
		{98AA01BF-508F-4E35-B821-6CB3BE5D6B95}.Release|ARM.ActiveCfg = Release|Any CPU
		{98AA01BF-508F-4E35-B821-6CB3BE5D6B95}.Release|ARM.Build.0 = Release|Any CPU
		{98AA01BF-508F-4E35-B821-6CB3BE5D6B95}.Release|iPhone.ActiveCfg = Release|Any CPU
		{98AA01BF-508F-4E35-B821-6CB3BE5D6B95}.Release|iPhone.Build.0 = Release|Any CPU
		{98AA01BF-508F-4E35-B821-6CB3BE5D6B95}.Release|iPhoneSimulator.ActiveCfg = Release|Any CPU
		{98AA01BF-508F-4E35-B821-6CB3BE5D6B95}.Release|iPhoneSimulator.Build.0 = Release|Any CPU
		{98AA01BF-508F-4E35-B821-6CB3BE5D6B95}.Release|x64.ActiveCfg = Release|Any CPU
		{98AA01BF-508F-4E35-B821-6CB3BE5D6B95}.Release|x64.Build.0 = Release|Any CPU
		{98AA01BF-508F-4E35-B821-6CB3BE5D6B95}.Release|x86.ActiveCfg = Release|Any CPU
		{98AA01BF-508F-4E35-B821-6CB3BE5D6B95}.Release|x86.Build.0 = Release|Any CPU
		{5F9E1D23-8819-4197-9C9B-5CF1888434EC}.Debug|Any CPU.ActiveCfg = Debug|Any CPU
		{5F9E1D23-8819-4197-9C9B-5CF1888434EC}.Debug|Any CPU.Build.0 = Debug|Any CPU
		{5F9E1D23-8819-4197-9C9B-5CF1888434EC}.Debug|Any CPU.Deploy.0 = Debug|Any CPU
		{5F9E1D23-8819-4197-9C9B-5CF1888434EC}.Debug|ARM.ActiveCfg = Debug|Any CPU
		{5F9E1D23-8819-4197-9C9B-5CF1888434EC}.Debug|ARM.Build.0 = Debug|Any CPU
		{5F9E1D23-8819-4197-9C9B-5CF1888434EC}.Debug|ARM.Deploy.0 = Debug|Any CPU
		{5F9E1D23-8819-4197-9C9B-5CF1888434EC}.Debug|iPhone.ActiveCfg = Debug|Any CPU
		{5F9E1D23-8819-4197-9C9B-5CF1888434EC}.Debug|iPhone.Build.0 = Debug|Any CPU
		{5F9E1D23-8819-4197-9C9B-5CF1888434EC}.Debug|iPhone.Deploy.0 = Debug|Any CPU
		{5F9E1D23-8819-4197-9C9B-5CF1888434EC}.Debug|iPhoneSimulator.ActiveCfg = Debug|Any CPU
		{5F9E1D23-8819-4197-9C9B-5CF1888434EC}.Debug|iPhoneSimulator.Build.0 = Debug|Any CPU
		{5F9E1D23-8819-4197-9C9B-5CF1888434EC}.Debug|iPhoneSimulator.Deploy.0 = Debug|Any CPU
		{5F9E1D23-8819-4197-9C9B-5CF1888434EC}.Debug|x64.ActiveCfg = Debug|Any CPU
		{5F9E1D23-8819-4197-9C9B-5CF1888434EC}.Debug|x64.Build.0 = Debug|Any CPU
		{5F9E1D23-8819-4197-9C9B-5CF1888434EC}.Debug|x64.Deploy.0 = Debug|Any CPU
		{5F9E1D23-8819-4197-9C9B-5CF1888434EC}.Debug|x86.ActiveCfg = Debug|Any CPU
		{5F9E1D23-8819-4197-9C9B-5CF1888434EC}.Debug|x86.Build.0 = Debug|Any CPU
		{5F9E1D23-8819-4197-9C9B-5CF1888434EC}.Debug|x86.Deploy.0 = Debug|Any CPU
		{5F9E1D23-8819-4197-9C9B-5CF1888434EC}.Release|Any CPU.ActiveCfg = Release|Any CPU
		{5F9E1D23-8819-4197-9C9B-5CF1888434EC}.Release|Any CPU.Build.0 = Release|Any CPU
		{5F9E1D23-8819-4197-9C9B-5CF1888434EC}.Release|Any CPU.Deploy.0 = Release|Any CPU
		{5F9E1D23-8819-4197-9C9B-5CF1888434EC}.Release|ARM.ActiveCfg = Release|Any CPU
		{5F9E1D23-8819-4197-9C9B-5CF1888434EC}.Release|ARM.Build.0 = Release|Any CPU
		{5F9E1D23-8819-4197-9C9B-5CF1888434EC}.Release|ARM.Deploy.0 = Release|Any CPU
		{5F9E1D23-8819-4197-9C9B-5CF1888434EC}.Release|iPhone.ActiveCfg = Release|Any CPU
		{5F9E1D23-8819-4197-9C9B-5CF1888434EC}.Release|iPhone.Build.0 = Release|Any CPU
		{5F9E1D23-8819-4197-9C9B-5CF1888434EC}.Release|iPhone.Deploy.0 = Release|Any CPU
		{5F9E1D23-8819-4197-9C9B-5CF1888434EC}.Release|iPhoneSimulator.ActiveCfg = Release|Any CPU
		{5F9E1D23-8819-4197-9C9B-5CF1888434EC}.Release|iPhoneSimulator.Build.0 = Release|Any CPU
		{5F9E1D23-8819-4197-9C9B-5CF1888434EC}.Release|iPhoneSimulator.Deploy.0 = Release|Any CPU
		{5F9E1D23-8819-4197-9C9B-5CF1888434EC}.Release|x64.ActiveCfg = Release|Any CPU
		{5F9E1D23-8819-4197-9C9B-5CF1888434EC}.Release|x64.Build.0 = Release|Any CPU
		{5F9E1D23-8819-4197-9C9B-5CF1888434EC}.Release|x64.Deploy.0 = Release|Any CPU
		{5F9E1D23-8819-4197-9C9B-5CF1888434EC}.Release|x86.ActiveCfg = Release|Any CPU
		{5F9E1D23-8819-4197-9C9B-5CF1888434EC}.Release|x86.Build.0 = Release|Any CPU
		{5F9E1D23-8819-4197-9C9B-5CF1888434EC}.Release|x86.Deploy.0 = Release|Any CPU
	EndGlobalSection
	GlobalSection(SolutionProperties) = preSolution
		HideSolutionNode = FALSE
	EndGlobalSection
	GlobalSection(NestedProjects) = preSolution
		{AF93E074-F586-49C4-B4ED-ECC9CA81D507} = {98634098-3B69-45A6-B80E-A5FF18F701EC}
		{C768B165-2002-414C-AE16-A88B9D4C5DE8} = {D5FF7535-90F1-4C55-8C4D-EC79E8CA876F}
		{5C3E20F2-029D-4183-A7FE-F018C03303F4} = {579F7E5B-16D7-4942-9A45-52709BDF3B32}
		{CC5B8AA9-30BB-463D-92F7-EE9DD72F6736} = {579F7E5B-16D7-4942-9A45-52709BDF3B32}
		{90609386-CFA4-4B3F-8009-F86E9B3C9BBC} = {579F7E5B-16D7-4942-9A45-52709BDF3B32}
		{87334221-8093-43F4-A665-F6E96516546A} = {579F7E5B-16D7-4942-9A45-52709BDF3B32}
		{98AA01BF-508F-4E35-B821-6CB3BE5D6B95} = {CC9BC995-8F8B-4803-9E77-674749A5D847}
		{5F9E1D23-8819-4197-9C9B-5CF1888434EC} = {5AFE980C-8783-4A06-8FDF-608B2EA99EAD}
	EndGlobalSection
	GlobalSection(ExtensibilityGlobals) = postSolution
		SolutionGuid = {6A82420D-8D93-4D94-8DA2-BA2B115EF298}
	EndGlobalSection
	GlobalSection(SharedMSBuildProjectFiles) = preSolution
		Localization.Samples.VocabolaryServiceProvider\Localization.Samples.VocabolaryServiceProvider.projitems*{5c3e20f2-029d-4183-a7fe-f018c03303f4}*SharedItemsImports = 4
		Localization.Samples.VocabolaryServiceProvider\Localization.Samples.VocabolaryServiceProvider.projitems*{5f9e1d23-8819-4197-9c9b-5cf1888434ec}*SharedItemsImports = 5
		Localization.Samples.VocabolaryServiceProvider\Localization.Samples.VocabolaryServiceProvider.projitems*{87334221-8093-43f4-a665-f6e96516546a}*SharedItemsImports = 5
		Localization.Samples.VocabolaryServiceProvider\Localization.Samples.VocabolaryServiceProvider.projitems*{90609386-cfa4-4b3f-8009-f86e9b3c9bbc}*SharedItemsImports = 4
		Localization.Samples.VocabolaryServiceProvider\Localization.Samples.VocabolaryServiceProvider.projitems*{98aa01bf-508f-4e35-b821-6cb3be5d6b95}*SharedItemsImports = 5
		Localization.Samples.VocabolaryServiceProvider\Localization.Samples.VocabolaryServiceProvider.projitems*{af93e074-f586-49c4-b4ed-ecc9ca81d507}*SharedItemsImports = 5
		Localization.Samples.VocabolaryServiceProvider\Localization.Samples.VocabolaryServiceProvider.projitems*{c768b165-2002-414c-ae16-a88b9d4c5de8}*SharedItemsImports = 5
		Localization.Samples.VocabolaryServiceProvider\Localization.Samples.VocabolaryServiceProvider.projitems*{cc5b8aa9-30bb-463d-92f7-ee9dd72f6736}*SharedItemsImports = 4
		Localization.Samples.VocabolaryServiceProvider\Localization.Samples.VocabolaryServiceProvider.projitems*{e0d66fd1-b3ea-41f2-af2f-0582b1049eef}*SharedItemsImports = 13
	EndGlobalSection
EndGlobal
