
Microsoft Visual Studio Solution File, Format Version 12.00
# Visual Studio Version 16
VisualStudioVersion = 16.0.30523.141
MinimumVisualStudioVersion = 10.0.40219.1
Project("{9A19103F-16F7-4668-BE54-9A1E7A4F7556}") = "Localization", "Localization.csproj", "{86B56F59-EB6E-40CB-8D37-C50F3BD3D919}"
EndProject
Project("{9A19103F-16F7-4668-BE54-9A1E7A4F7556}") = "Localization.Xamarin", "..\Localization.Xamarin\Localization.Xamarin.csproj", "{AB65AD5D-B459-4521-AD63-646E426F251C}"
EndProject
Project("{FAE04EC0-301F-11D3-BF4B-00C04F79EFBC}") = "Localization.Windows", "..\Localization.Windows\Localization.Windows.csproj", "{F03746AF-9A6B-4615-BC5E-4DFD8EF6378A}"
EndProject
Global
	GlobalSection(SolutionConfigurationPlatforms) = preSolution
		Debug|Any CPU = Debug|Any CPU
		Release|Any CPU = Release|Any CPU
	EndGlobalSection
	GlobalSection(ProjectConfigurationPlatforms) = postSolution
		{86B56F59-EB6E-40CB-8D37-C50F3BD3D919}.Debug|Any CPU.ActiveCfg = Debug|Any CPU
		{86B56F59-EB6E-40CB-8D37-C50F3BD3D919}.Debug|Any CPU.Build.0 = Debug|Any CPU
		{86B56F59-EB6E-40CB-8D37-C50F3BD3D919}.Release|Any CPU.ActiveCfg = Release|Any CPU
		{86B56F59-EB6E-40CB-8D37-C50F3BD3D919}.Release|Any CPU.Build.0 = Release|Any CPU
		{AB65AD5D-B459-4521-AD63-646E426F251C}.Debug|Any CPU.ActiveCfg = Debug|Any CPU
		{AB65AD5D-B459-4521-AD63-646E426F251C}.Debug|Any CPU.Build.0 = Debug|Any CPU
		{AB65AD5D-B459-4521-AD63-646E426F251C}.Release|Any CPU.ActiveCfg = Release|Any CPU
		{AB65AD5D-B459-4521-AD63-646E426F251C}.Release|Any CPU.Build.0 = Release|Any CPU
		{F03746AF-9A6B-4615-BC5E-4DFD8EF6378A}.Debug|Any CPU.ActiveCfg = Debug|Any CPU
		{F03746AF-9A6B-4615-BC5E-4DFD8EF6378A}.Debug|Any CPU.Build.0 = Debug|Any CPU
		{F03746AF-9A6B-4615-BC5E-4DFD8EF6378A}.Release|Any CPU.ActiveCfg = Release|Any CPU
		{F03746AF-9A6B-4615-BC5E-4DFD8EF6378A}.Release|Any CPU.Build.0 = Release|Any CPU
	EndGlobalSection
	GlobalSection(SolutionProperties) = preSolution
		HideSolutionNode = FALSE
	EndGlobalSection
	GlobalSection(ExtensibilityGlobals) = postSolution
		SolutionGuid = {6A82420D-8D93-4D94-8DA2-BA2B115EF298}
	EndGlobalSection
EndGlobal
