
Microsoft Visual Studio Solution File, Format Version 12.00
# Visual Studio Version 17
VisualStudioVersion = 17.8.34511.84
MinimumVisualStudioVersion = 10.0.40219.1
Project("{9A19103F-16F7-4668-BE54-9A1E7A4F7556}") = "Localization", "Localization\Localization.csproj", "{AED5262C-DD44-4476-B5FA-6200EFE8C429}"
EndProject
Project("{9A19103F-16F7-4668-BE54-9A1E7A4F7556}") = "Localization.Windows", "Localization.Windows\Localization.Windows.csproj", "{CAB9D2A2-9DB7-4B4F-A517-2A8C837486C2}"
EndProject
Project("{9A19103F-16F7-4668-BE54-9A1E7A4F7556}") = "Localization.Xamarin", "Localization.Xamarin\Localization.Xamarin.csproj", "{CC5CCB7A-3663-4972-910F-6294906E89BC}"
EndProject
Project("{9A19103F-16F7-4668-BE54-9A1E7A4F7556}") = "Localization.Mvc", "Localization.Mvc\Localization.Mvc.csproj", "{65B87408-99BB-461F-9746-850FFA5D01B5}"
EndProject
Project("{9A19103F-16F7-4668-BE54-9A1E7A4F7556}") = "Localization.Blazor", "Localization.Blazor\Localization.Blazor.csproj", "{C588EC91-087F-447B-B40B-E8F5CD193420}"
EndProject
Project("{9A19103F-16F7-4668-BE54-9A1E7A4F7556}") = "Localization.Maui", "Localization.Maui\Localization.Maui.csproj", "{646DEC5A-284E-4B3F-B02A-ECE501B29B29}"
EndProject
Global
	GlobalSection(SolutionConfigurationPlatforms) = preSolution
		Debug|Any CPU = Debug|Any CPU
		Release|Any CPU = Release|Any CPU
	EndGlobalSection
	GlobalSection(ProjectConfigurationPlatforms) = postSolution
		{AED5262C-DD44-4476-B5FA-6200EFE8C429}.Debug|Any CPU.ActiveCfg = Debug|Any CPU
		{AED5262C-DD44-4476-B5FA-6200EFE8C429}.Debug|Any CPU.Build.0 = Debug|Any CPU
		{AED5262C-DD44-4476-B5FA-6200EFE8C429}.Release|Any CPU.ActiveCfg = Release|Any CPU
		{AED5262C-DD44-4476-B5FA-6200EFE8C429}.Release|Any CPU.Build.0 = Release|Any CPU
		{CAB9D2A2-9DB7-4B4F-A517-2A8C837486C2}.Debug|Any CPU.ActiveCfg = Debug|Any CPU
		{CAB9D2A2-9DB7-4B4F-A517-2A8C837486C2}.Debug|Any CPU.Build.0 = Debug|Any CPU
		{CAB9D2A2-9DB7-4B4F-A517-2A8C837486C2}.Release|Any CPU.ActiveCfg = Release|Any CPU
		{CAB9D2A2-9DB7-4B4F-A517-2A8C837486C2}.Release|Any CPU.Build.0 = Release|Any CPU
		{CC5CCB7A-3663-4972-910F-6294906E89BC}.Debug|Any CPU.ActiveCfg = Debug|Any CPU
		{CC5CCB7A-3663-4972-910F-6294906E89BC}.Debug|Any CPU.Build.0 = Debug|Any CPU
		{CC5CCB7A-3663-4972-910F-6294906E89BC}.Release|Any CPU.ActiveCfg = Release|Any CPU
		{CC5CCB7A-3663-4972-910F-6294906E89BC}.Release|Any CPU.Build.0 = Release|Any CPU
		{65B87408-99BB-461F-9746-850FFA5D01B5}.Debug|Any CPU.ActiveCfg = Debug|Any CPU
		{65B87408-99BB-461F-9746-850FFA5D01B5}.Debug|Any CPU.Build.0 = Debug|Any CPU
		{65B87408-99BB-461F-9746-850FFA5D01B5}.Release|Any CPU.ActiveCfg = Release|Any CPU
		{65B87408-99BB-461F-9746-850FFA5D01B5}.Release|Any CPU.Build.0 = Release|Any CPU
		{C588EC91-087F-447B-B40B-E8F5CD193420}.Debug|Any CPU.ActiveCfg = Debug|Any CPU
		{C588EC91-087F-447B-B40B-E8F5CD193420}.Debug|Any CPU.Build.0 = Debug|Any CPU
		{C588EC91-087F-447B-B40B-E8F5CD193420}.Release|Any CPU.ActiveCfg = Release|Any CPU
		{C588EC91-087F-447B-B40B-E8F5CD193420}.Release|Any CPU.Build.0 = Release|Any CPU
		{646DEC5A-284E-4B3F-B02A-ECE501B29B29}.Debug|Any CPU.ActiveCfg = Debug|Any CPU
		{646DEC5A-284E-4B3F-B02A-ECE501B29B29}.Debug|Any CPU.Build.0 = Debug|Any CPU
		{646DEC5A-284E-4B3F-B02A-ECE501B29B29}.Release|Any CPU.ActiveCfg = Release|Any CPU
		{646DEC5A-284E-4B3F-B02A-ECE501B29B29}.Release|Any CPU.Build.0 = Release|Any CPU
	EndGlobalSection
	GlobalSection(SolutionProperties) = preSolution
		HideSolutionNode = FALSE
	EndGlobalSection
	GlobalSection(ExtensibilityGlobals) = postSolution
		SolutionGuid = {6A82420D-8D93-4D94-8DA2-BA2B115EF298}
	EndGlobalSection
EndGlobal
